// !$*UTF8*$!
{
	archiveVersion = 1;
	classes = {
	};
	objectVersion = 77;
	objects = {

/* Begin PBXBuildFile section */
		8B8E326C2F7089C000FE4013 /* WidgetKit.framework in Frameworks */ = {isa = PBXBuildFile; fileRef = 8B8E326B2F7089C000FE4013 /* WidgetKit.framework */; };
		8B8E326E2F7089C000FE4013 /* SwiftUI.framework in Frameworks */ = {isa = PBXBuildFile; fileRef = 8B8E326D2F7089C000FE4013 /* SwiftUI.framework */; };
		8B8E327F2F7089C200FE4013 /* ComEdPriceWidgetExtension.appex in Embed Foundation Extensions */ = {isa = PBXBuildFile; fileRef = 8B8E32692F7089C000FE4013 /* ComEdPriceWidgetExtension.appex */; settings = {ATTRIBUTES = (RemoveHeadersOnCopy, ); }; };
/* End PBXBuildFile section */

/* Begin PBXContainerItemProxy section */
		8B2606982F269409008B275C /* PBXContainerItemProxy */ = {
			isa = PBXContainerItemProxy;
			containerPortal = 8B2606822F269407008B275C /* Project object */;
			proxyType = 1;
			remoteGlobalIDString = 8B2606892F269407008B275C;
			remoteInfo = ComEdPricing;
		};
		8B2606A22F269409008B275C /* PBXContainerItemProxy */ = {
			isa = PBXContainerItemProxy;
			containerPortal = 8B2606822F269407008B275C /* Project object */;
			proxyType = 1;
			remoteGlobalIDString = 8B2606892F269407008B275C;
			remoteInfo = ComEdPricing;
		};
		8B8E327D2F7089C200FE4013 /* PBXContainerItemProxy */ = {
			isa = PBXContainerItemProxy;
			containerPortal = 8B2606822F269407008B275C /* Project object */;
			proxyType = 1;
			remoteGlobalIDString = 8B8E32682F7089C000FE4013;
			remoteInfo = ComEdPriceWidgetExtension;
		};
/* End PBXContainerItemProxy section */

/* Begin PBXCopyFilesBuildPhase section */
		8B8E32802F7089C200FE4013 /* Embed Foundation Extensions */ = {
			isa = PBXCopyFilesBuildPhase;
			buildActionMask = 2147483647;
			dstPath = "";
			dstSubfolderSpec = 13;
			files = (
				8B8E327F2F7089C200FE4013 /* ComEdPriceWidgetExtension.appex in Embed Foundation Extensions */,
			);
			name = "Embed Foundation Extensions";
			runOnlyForDeploymentPostprocessing = 0;
		};
/* End PBXCopyFilesBuildPhase section */

/* Begin PBXFileReference section */
		8B26068A2F269407008B275C /* ComEdPricing.app */ = {isa = PBXFileReference; explicitFileType = wrapper.application; includeInIndex = 0; path = ComEdPricing.app; sourceTree = BUILT_PRODUCTS_DIR; };
		8B2606972F269409008B275C /* ComEdPricingTests.xctest */ = {isa = PBXFileReference; explicitFileType = wrapper.cfbundle; includeInIndex = 0; path = ComEdPricingTests.xctest; sourceTree = BUILT_PRODUCTS_DIR; };
		8B2606A12F269409008B275C /* ComEdPricingUITests.xctest */ = {isa = PBXFileReference; explicitFileType = wrapper.cfbundle; includeInIndex = 0; path = ComEdPricingUITests.xctest; sourceTree = BUILT_PRODUCTS_DIR; };
		8B8E32692F7089C000FE4013 /* ComEdPriceWidgetExtension.appex */ = {isa = PBXFileReference; explicitFileType = "wrapper.app-extension"; includeInIndex = 0; path = ComEdPriceWidgetExtension.appex; sourceTree = BUILT_PRODUCTS_DIR; };
		8B8E326B2F7089C000FE4013 /* WidgetKit.framework */ = {isa = PBXFileReference; lastKnownFileType = wrapper.framework; name = WidgetKit.framework; path = System/Library/Frameworks/WidgetKit.framework; sourceTree = SDKROOT; };
		8B8E326D2F7089C000FE4013 /* SwiftUI.framework */ = {isa = PBXFileReference; lastKnownFileType = wrapper.framework; name = SwiftUI.framework; path = System/Library/Frameworks/SwiftUI.framework; sourceTree = SDKROOT; };
		8B8E32862F708C6700FE4013 /* ComEdPriceWidgetExtension.entitlements */ = {isa = PBXFileReference; lastKnownFileType = text.plist.entitlements; path = ComEdPriceWidgetExtension.entitlements; sourceTree = "<group>"; };
/* End PBXFileReference section */

/* Begin PBXFileSystemSynchronizedBuildFileExceptionSet section */
		8B8E32832F7089C200FE4013 /* Exceptions for "ComEdPriceWidget" folder in "ComEdPriceWidgetExtension" target */ = {
			isa = PBXFileSystemSynchronizedBuildFileExceptionSet;
			membershipExceptions = (
				Info.plist,
			);
			target = 8B8E32682F7089C000FE4013 /* ComEdPriceWidgetExtension */;
		};
/* End PBXFileSystemSynchronizedBuildFileExceptionSet section */

/* Begin PBXFileSystemSynchronizedRootGroup section */
		8B26068C2F269407008B275C /* ComEdPricing */ = {
			isa = PBXFileSystemSynchronizedRootGroup;
			path = ComEdPricing;
			sourceTree = "<group>";
		};
		8B26069A2F269409008B275C /* ComEdPricingTests */ = {
			isa = PBXFileSystemSynchronizedRootGroup;
			path = ComEdPricingTests;
			sourceTree = "<group>";
		};
		8B2606A42F269409008B275C /* ComEdPricingUITests */ = {
			isa = PBXFileSystemSynchronizedRootGroup;
			path = ComEdPricingUITests;
			sourceTree = "<group>";
		};
		8B8E326F2F7089C000FE4013 /* ComEdPriceWidget */ = {
			isa = PBXFileSystemSynchronizedRootGroup;
			exceptions = (
				8B8E32832F7089C200FE4013 /* Exceptions for "ComEdPriceWidget" folder in "ComEdPriceWidgetExtension" target */,
			);
			path = ComEdPriceWidget;
			sourceTree = "<group>";
		};
/* End PBXFileSystemSynchronizedRootGroup section */

/* Begin PBXFrameworksBuildPhase section */
		8B2606872F269407008B275C /* Frameworks */ = {
			isa = PBXFrameworksBuildPhase;
			buildActionMask = 2147483647;
			files = (
			);
			runOnlyForDeploymentPostprocessing = 0;
		};
		8B2606942F269409008B275C /* Frameworks */ = {
			isa = PBXFrameworksBuildPhase;
			buildActionMask = 2147483647;
			files = (
			);
			runOnlyForDeploymentPostprocessing = 0;
		};
		8B26069E2F269409008B275C /* Frameworks */ = {
			isa = PBXFrameworksBuildPhase;
			buildActionMask = 2147483647;
			files = (
			);
			runOnlyForDeploymentPostprocessing = 0;
		};
		8B8E32662F7089C000FE4013 /* Frameworks */ = {
			isa = PBXFrameworksBuildPhase;
			buildActionMask = 2147483647;
			files = (
				8B8E326E2F7089C000FE4013 /* SwiftUI.framework in Frameworks */,
				8B8E326C2F7089C000FE4013 /* WidgetKit.framework in Frameworks */,
			);
			runOnlyForDeploymentPostprocessing = 0;
		};
/* End PBXFrameworksBuildPhase section */

/* Begin PBXGroup section */
		8B2606812F269407008B275C = {
			isa = PBXGroup;
			children = (
				8B8E32862F708C6700FE4013 /* ComEdPriceWidgetExtension.entitlements */,
				8B26068C2F269407008B275C /* ComEdPricing */,
				8B26069A2F269409008B275C /* ComEdPricingTests */,
				8B2606A42F269409008B275C /* ComEdPricingUITests */,
				8B8E326F2F7089C000FE4013 /* ComEdPriceWidget */,
				8B8E326A2F7089C000FE4013 /* Frameworks */,
				8B26068B2F269407008B275C /* Products */,
			);
			sourceTree = "<group>";
		};
		8B26068B2F269407008B275C /* Products */ = {
			isa = PBXGroup;
			children = (
				8B26068A2F269407008B275C /* ComEdPricing.app */,
				8B2606972F269409008B275C /* ComEdPricingTests.xctest */,
				8B2606A12F269409008B275C /* ComEdPricingUITests.xctest */,
				8B8E32692F7089C000FE4013 /* ComEdPriceWidgetExtension.appex */,
			);
			name = Products;
			sourceTree = "<group>";
		};
		8B8E326A2F7089C000FE4013 /* Frameworks */ = {
			isa = PBXGroup;
			children = (
				8B8E326B2F7089C000FE4013 /* WidgetKit.framework */,
				8B8E326D2F7089C000FE4013 /* SwiftUI.framework */,
			);
			name = Frameworks;
			sourceTree = "<group>";
		};
/* End PBXGroup section */

/* Begin PBXNativeTarget section */
		8B2606892F269407008B275C /* ComEdPricing */ = {
			isa = PBXNativeTarget;
			buildConfigurationList = 8B2606AB2F269409008B275C /* Build configuration list for PBXNativeTarget "ComEdPricing" */;
			buildPhases = (
				8B2606862F269407008B275C /* Sources */,
				8B2606872F269407008B275C /* Frameworks */,
				8B2606882F269407008B275C /* Resources */,
				8B8E32802F7089C200FE4013 /* Embed Foundation Extensions */,
			);
			buildRules = (
			);
			dependencies = (
				8B8E327E2F7089C200FE4013 /* PBXTargetDependency */,
			);
			fileSystemSynchronizedGroups = (
				8B26068C2F269407008B275C /* ComEdPricing */,
			);
			name = ComEdPricing;
			packageProductDependencies = (
			);
			productName = ComEdPricing;
			productReference = 8B26068A2F269407008B275C /* ComEdPricing.app */;
			productType = "com.apple.product-type.application";
		};
		8B2606962F269409008B275C /* ComEdPricingTests */ = {
			isa = PBXNativeTarget;
			buildConfigurationList = 8B2606AE2F269409008B275C /* Build configuration list for PBXNativeTarget "ComEdPricingTests" */;
			buildPhases = (
				8B2606932F269409008B275C /* Sources */,
				8B2606942F269409008B275C /* Frameworks */,
				8B2606952F269409008B275C /* Resources */,
			);
			buildRules = (
			);
			dependencies = (
				8B2606992F269409008B275C /* PBXTargetDependency */,
			);
			fileSystemSynchronizedGroups = (
				8B26069A2F269409008B275C /* ComEdPricingTests */,
			);
			name = ComEdPricingTests;
			packageProductDependencies = (
			);
			productName = ComEdPricingTests;
			productReference = 8B2606972F269409008B275C /* ComEdPricingTests.xctest */;
			productType = "com.apple.product-type.bundle.unit-test";
		};
		8B2606A02F269409008B275C /* ComEdPricingUITests */ = {
			isa = PBXNativeTarget;
			buildConfigurationList = 8B2606B12F269409008B275C /* Build configuration list for PBXNativeTarget "ComEdPricingUITests" */;
			buildPhases = (
				8B26069D2F269409008B275C /* Sources */,
				8B26069E2F269409008B275C /* Frameworks */,
				8B26069F2F269409008B275C /* Resources */,
			);
			buildRules = (
			);
			dependencies = (
				8B2606A32F269409008B275C /* PBXTargetDependency */,
			);
			fileSystemSynchronizedGroups = (
				8B2606A42F269409008B275C /* ComEdPricingUITests */,
			);
			name = ComEdPricingUITests;
			packageProductDependencies = (
			);
			productName = ComEdPricingUITests;
			productReference = 8B2606A12F269409008B275C /* ComEdPricingUITests.xctest */;
			productType = "com.apple.product-type.bundle.ui-testing";
		};
		8B8E32682F7089C000FE4013 /* ComEdPriceWidgetExtension */ = {
			isa = PBXNativeTarget;
			buildConfigurationList = 8B8E32842F7089C200FE4013 /* Build configuration list for PBXNativeTarget "ComEdPriceWidgetExtension" */;
			buildPhases = (
				8B8E32652F7089C000FE4013 /* Sources */,
				8B8E32662F7089C000FE4013 /* Frameworks */,
				8B8E32672F7089C000FE4013 /* Resources */,
			);
			buildRules = (
			);
			dependencies = (
			);
			fileSystemSynchronizedGroups = (
				8B8E326F2F7089C000FE4013 /* ComEdPriceWidget */,
			);
			name = ComEdPriceWidgetExtension;
			packageProductDependencies = (
			);
			productName = ComEdPriceWidgetExtension;
			productReference = 8B8E32692F7089C000FE4013 /* ComEdPriceWidgetExtension.appex */;
			productType = "com.apple.product-type.app-extension";
		};
/* End PBXNativeTarget section */

/* Begin PBXProject section */
		8B2606822F269407008B275C /* Project object */ = {
			isa = PBXProject;
			attributes = {
				BuildIndependentTargetsInParallel = 1;
				LastSwiftUpdateCheck = 2630;
				LastUpgradeCheck = 2620;
				TargetAttributes = {
					8B2606892F269407008B275C = {
						CreatedOnToolsVersion = 26.2;
					};
					8B2606962F269409008B275C = {
						CreatedOnToolsVersion = 26.2;
						TestTargetID = 8B2606892F269407008B275C;
					};
					8B2606A02F269409008B275C = {
						CreatedOnToolsVersion = 26.2;
						TestTargetID = 8B2606892F269407008B275C;
					};
					8B8E32682F7089C000FE4013 = {
						CreatedOnToolsVersion = 26.3;
					};
				};
			};
			buildConfigurationList = 8B2606852F269407008B275C /* Build configuration list for PBXProject "ComEdPricing" */;
			developmentRegion = en;
			hasScannedForEncodings = 0;
			knownRegions = (
				en,
				Base,
			);
			mainGroup = 8B2606812F269407008B275C;
			minimizedProjectReferenceProxies = 1;
			preferredProjectObjectVersion = 77;
			productRefGroup = 8B26068B2F269407008B275C /* Products */;
			projectDirPath = "";
			projectRoot = "";
			targets = (
				8B2606892F269407008B275C /* ComEdPricing */,
				8B2606962F269409008B275C /* ComEdPricingTests */,
				8B2606A02F269409008B275C /* ComEdPricingUITests */,
				8B8E32682F7089C000FE4013 /* ComEdPriceWidgetExtension */,
			);
		};
/* End PBXProject section */

/* Begin PBXResourcesBuildPhase section */
		8B2606882F269407008B275C /* Resources */ = {
			isa = PBXResourcesBuildPhase;
			buildActionMask = 2147483647;
			files = (
			);
			runOnlyForDeploymentPostprocessing = 0;
		};
		8B2606952F269409008B275C /* Resources */ = {
			isa = PBXResourcesBuildPhase;
			buildActionMask = 2147483647;
			files = (
			);
			runOnlyForDeploymentPostprocessing = 0;
		};
		8B26069F2F269409008B275C /* Resources */ = {
			isa = PBXResourcesBuildPhase;
			buildActionMask = 2147483647;
			files = (
			);
			runOnlyForDeploymentPostprocessing = 0;
		};
		8B8E32672F7089C000FE4013 /* Resources */ = {
			isa = PBXResourcesBuildPhase;
			buildActionMask = 2147483647;
			files = (
			);
			runOnlyForDeploymentPostprocessing = 0;
		};
/* End PBXResourcesBuildPhase section */

/* Begin PBXSourcesBuildPhase section */
		8B2606862F269407008B275C /* Sources */ = {
			isa = PBXSourcesBuildPhase;
			buildActionMask = 2147483647;
			files = (
			);
			runOnlyForDeploymentPostprocessing = 0;
		};
		8B2606932F269409008B275C /* Sources */ = {
			isa = PBXSourcesBuildPhase;
			buildActionMask = 2147483647;
			files = (
			);
			runOnlyForDeploymentPostprocessing = 0;
		};
		8B26069D2F269409008B275C /* Sources */ = {
			isa = PBXSourcesBuildPhase;
			buildActionMask = 2147483647;
			files = (
			);
			runOnlyForDeploymentPostprocessing = 0;
		};
		8B8E32652F7089C000FE4013 /* Sources */ = {
			isa = PBXSourcesBuildPhase;
			buildActionMask = 2147483647;
			files = (
			);
			runOnlyForDeploymentPostprocessing = 0;
		};
/* End PBXSourcesBuildPhase section */

/* Begin PBXTargetDependency section */
		8B2606992F269409008B275C /* PBXTargetDependency */ = {
			isa = PBXTargetDependency;
			target = 8B2606892F269407008B275C /* ComEdPricing */;
			targetProxy = 8B2606982F269409008B275C /* PBXContainerItemProxy */;
		};
		8B2606A32F269409008B275C /* PBXTargetDependency */ = {
			isa = PBXTargetDependency;
			target = 8B2606892F269407008B275C /* ComEdPricing */;
			targetProxy = 8B2606A22F269409008B275C /* PBXContainerItemProxy */;
		};
		8B8E327E2F7089C200FE4013 /* PBXTargetDependency */ = {
			isa = PBXTargetDependency;
			target = 8B8E32682F7089C000FE4013 /* ComEdPriceWidgetExtension */;
			targetProxy = 8B8E327D2F7089C200FE4013 /* PBXContainerItemProxy */;
		};
/* End PBXTargetDependency section */

/* Begin XCBuildConfiguration section */
		8B2606A92F269409008B275C /* Debug */ = {
			isa = XCBuildConfiguration;
			buildSettings = {
				ALWAYS_SEARCH_USER_PATHS = NO;
				ASSETCATALOG_COMPILER_GENERATE_SWIFT_ASSET_SYMBOL_EXTENSIONS = YES;
				CLANG_ANALYZER_NONNULL = YES;
				CLANG_ANALYZER_NUMBER_OBJECT_CONVERSION = YES_AGGRESSIVE;
				CLANG_CXX_LANGUAGE_STANDARD = "gnu++20";
				CLANG_ENABLE_MODULES = YES;
				CLANG_ENABLE_OBJC_ARC = YES;
				CLANG_ENABLE_OBJC_WEAK = YES;
				CLANG_WARN_BLOCK_CAPTURE_AUTORELEASING = YES;
				CLANG_WARN_BOOL_CONVERSION = YES;
				CLANG_WARN_COMMA = YES;
				CLANG_WARN_CONSTANT_CONVERSION = YES;
				CLANG_WARN_DEPRECATED_OBJC_IMPLEMENTATIONS = YES;
				CLANG_WARN_DIRECT_OBJC_ISA_USAGE = YES_ERROR;
				CLANG_WARN_DOCUMENTATION_COMMENTS = YES;
				CLANG_WARN_EMPTY_BODY = YES;
				CLANG_WARN_ENUM_CONVERSION = YES;
				CLANG_WARN_INFINITE_RECURSION = YES;
				CLANG_WARN_INT_CONVERSION = YES;
				CLANG_WARN_NON_LITERAL_NULL_CONVERSION = YES;
				CLANG_WARN_OBJC_IMPLICIT_RETAIN_SELF = YES;
				CLANG_WARN_OBJC_LITERAL_CONVERSION = YES;
				CLANG_WARN_OBJC_ROOT_CLASS = YES_ERROR;
				CLANG_WARN_QUOTED_INCLUDE_IN_FRAMEWORK_HEADER = YES;
				CLANG_WARN_RANGE_LOOP_ANALYSIS = YES;
				CLANG_WARN_STRICT_PROTOTYPES = YES;
				CLANG_WARN_SUSPICIOUS_MOVE = YES;
				CLANG_WARN_UNGUARDED_AVAILABILITY = YES_AGGRESSIVE;
				CLANG_WARN_UNREACHABLE_CODE = YES;
				CLANG_WARN__DUPLICATE_METHOD_MATCH = YES;
				COPY_PHASE_STRIP = NO;
				DEBUG_INFORMATION_FORMAT = dwarf;
				DEVELOPMENT_TEAM = L3KM58XX9S;
				ENABLE_STRICT_OBJC_MSGSEND = YES;
				ENABLE_TESTABILITY = YES;
				ENABLE_USER_SCRIPT_SANDBOXING = YES;
				GCC_C_LANGUAGE_STANDARD = gnu17;
				GCC_DYNAMIC_NO_PIC = NO;
				GCC_NO_COMMON_BLOCKS = YES;
				GCC_OPTIMIZATION_LEVEL = 0;
				GCC_PREPROCESSOR_DEFINITIONS = (
					"DEBUG=1",
					"$(inherited)",
				);
				GCC_WARN_64_TO_32_BIT_CONVERSION = YES;
				GCC_WARN_ABOUT_RETURN_TYPE = YES_ERROR;
				GCC_WARN_UNDECLARED_SELECTOR = YES;
				GCC_WARN_UNINITIALIZED_AUTOS = YES_AGGRESSIVE;
				GCC_WARN_UNUSED_FUNCTION = YES;
				GCC_WARN_UNUSED_VARIABLE = YES;
				IPHONEOS_DEPLOYMENT_TARGET = 26.2;
				LOCALIZATION_PREFERS_STRING_CATALOGS = YES;
				MTL_ENABLE_DEBUG_INFO = INCLUDE_SOURCE;
				MTL_FAST_MATH = YES;
				ONLY_ACTIVE_ARCH = YES;
				SDKROOT = iphoneos;
				SWIFT_ACTIVE_COMPILATION_CONDITIONS = "DEBUG $(inherited)";
				SWIFT_OPTIMIZATION_LEVEL = "-Onone";
			};
			name = Debug;
		};
		8B2606AA2F269409008B275C /* Release */ = {
			isa = XCBuildConfiguration;
			buildSettings = {
				ALWAYS_SEARCH_USER_PATHS = NO;
				ASSETCATALOG_COMPILER_GENERATE_SWIFT_ASSET_SYMBOL_EXTENSIONS = YES;
				CLANG_ANALYZER_NONNULL = YES;
				CLANG_ANALYZER_NUMBER_OBJECT_CONVERSION = YES_AGGRESSIVE;
				CLANG_CXX_LANGUAGE_STANDARD = "gnu++20";
				CLANG_ENABLE_MODULES = YES;
				CLANG_ENABLE_OBJC_ARC = YES;
				CLANG_ENABLE_OBJC_WEAK = YES;
				CLANG_WARN_BLOCK_CAPTURE_AUTORELEASING = YES;
				CLANG_WARN_BOOL_CONVERSION = YES;
				CLANG_WARN_COMMA = YES;
				CLANG_WARN_CONSTANT_CONVERSION = YES;
				CLANG_WARN_DEPRECATED_OBJC_IMPLEMENTATIONS = YES;
				CLANG_WARN_DIRECT_OBJC_ISA_USAGE = YES_ERROR;
				CLANG_WARN_DOCUMENTATION_COMMENTS = YES;
				CLANG_WARN_EMPTY_BODY = YES;
				CLANG_WARN_ENUM_CONVERSION = YES;
				CLANG_WARN_INFINITE_RECURSION = YES;
				CLANG_WARN_INT_CONVERSION = YES;
				CLANG_WARN_NON_LITERAL_NULL_CONVERSION = YES;
				CLANG_WARN_OBJC_IMPLICIT_RETAIN_SELF = YES;
				CLANG_WARN_OBJC_LITERAL_CONVERSION = YES;
				CLANG_WARN_OBJC_ROOT_CLASS = YES_ERROR;
				CLANG_WARN_QUOTED_INCLUDE_IN_FRAMEWORK_HEADER = YES;
				CLANG_WARN_RANGE_LOOP_ANALYSIS = YES;
				CLANG_WARN_STRICT_PROTOTYPES = YES;
				CLANG_WARN_SUSPICIOUS_MOVE = YES;
				CLANG_WARN_UNGUARDED_AVAILABILITY = YES_AGGRESSIVE;
				CLANG_WARN_UNREACHABLE_CODE = YES;
				CLANG_WARN__DUPLICATE_METHOD_MATCH = YES;
				COPY_PHASE_STRIP = NO;
				DEBUG_INFORMATION_FORMAT = "dwarf-with-dsym";
				DEVELOPMENT_TEAM = L3KM58XX9S;
				ENABLE_NS_ASSERTIONS = NO;
				ENABLE_STRICT_OBJC_MSGSEND = YES;
				ENABLE_USER_SCRIPT_SANDBOXING = YES;
				GCC_C_LANGUAGE_STANDARD = gnu17;
				GCC_NO_COMMON_BLOCKS = YES;
				GCC_WARN_64_TO_32_BIT_CONVERSION = YES;
				GCC_WARN_ABOUT_RETURN_TYPE = YES_ERROR;
				GCC_WARN_UNDECLARED_SELECTOR = YES;
				GCC_WARN_UNINITIALIZED_AUTOS = YES_AGGRESSIVE;
				GCC_WARN_UNUSED_FUNCTION = YES;
				GCC_WARN_UNUSED_VARIABLE = YES;
				IPHONEOS_DEPLOYMENT_TARGET = 26.2;
				LOCALIZATION_PREFERS_STRING_CATALOGS = YES;
				MTL_ENABLE_DEBUG_INFO = NO;
				MTL_FAST_MATH = YES;
				SDKROOT = iphoneos;
				SWIFT_COMPILATION_MODE = wholemodule;
				VALIDATE_PRODUCT = YES;
			};
			name = Release;
		};
		8B2606AC2F269409008B275C /* Debug */ = {
			isa = XCBuildConfiguration;
			buildSettings = {
				ASSETCATALOG_COMPILER_APPICON_NAME = AppIcon;
				ASSETCATALOG_COMPILER_GLOBAL_ACCENT_COLOR_NAME = AccentColor;
				CODE_SIGN_ENTITLEMENTS = ComEdPricing/ComEdPricing.entitlements;
				CODE_SIGN_STYLE = Automatic;
				CURRENT_PROJECT_VERSION = 1;
				DEVELOPMENT_TEAM = L3KM58XX9S;
				ENABLE_PREVIEWS = YES;
				GENERATE_INFOPLIST_FILE = YES;
				INFOPLIST_KEY_UIApplicationSceneManifest_Generation = YES;
				INFOPLIST_KEY_UIApplicationSupportsIndirectInputEvents = YES;
				INFOPLIST_KEY_UILaunchScreen_Generation = YES;
				INFOPLIST_KEY_UISupportedInterfaceOrientations_iPad = "UIInterfaceOrientationPortrait UIInterfaceOrientationPortraitUpsideDown UIInterfaceOrientationLandscapeLeft UIInterfaceOrientationLandscapeRight";
				INFOPLIST_KEY_UISupportedInterfaceOrientations_iPhone = "UIInterfaceOrientationPortrait UIInterfaceOrientationLandscapeLeft UIInterfaceOrientationLandscapeRight";
				LD_RUNPATH_SEARCH_PATHS = (
					"$(inherited)",
					"@executable_path/Frameworks",
				);
				MARKETING_VERSION = 1.0;
				PRODUCT_BUNDLE_IDENTIFIER = com.bhuvi.ComEdPricing;
				PRODUCT_NAME = "$(TARGET_NAME)";
				STRING_CATALOG_GENERATE_SYMBOLS = YES;
				SWIFT_APPROACHABLE_CONCURRENCY = YES;
				SWIFT_DEFAULT_ACTOR_ISOLATION = MainActor;
				SWIFT_EMIT_LOC_STRINGS = YES;
				SWIFT_UPCOMING_FEATURE_MEMBER_IMPORT_VISIBILITY = YES;
				SWIFT_VERSION = 5.0;
				TARGETED_DEVICE_FAMILY = "1,2";
			};
			name = Debug;
		};
		8B2606AD2F269409008B275C /* Release */ = {
			isa = XCBuildConfiguration;
			buildSettings = {
				ASSETCATALOG_COMPILER_APPICON_NAME = AppIcon;
				ASSETCATALOG_COMPILER_GLOBAL_ACCENT_COLOR_NAME = AccentColor;
				CODE_SIGN_ENTITLEMENTS = ComEdPricing/ComEdPricing.entitlements;
				CODE_SIGN_STYLE = Automatic;
				CURRENT_PROJECT_VERSION = 1;
				DEVELOPMENT_TEAM = L3KM58XX9S;
				ENABLE_PREVIEWS = YES;
				GENERATE_INFOPLIST_FILE = YES;
				INFOPLIST_KEY_UIApplicationSceneManifest_Generation = YES;
				INFOPLIST_KEY_UIApplicationSupportsIndirectInputEvents = YES;
				INFOPLIST_KEY_UILaunchScreen_Generation = YES;
				INFOPLIST_KEY_UISupportedInterfaceOrientations_iPad = "UIInterfaceOrientationPortrait UIInterfaceOrientationPortraitUpsideDown UIInterfaceOrientationLandscapeLeft UIInterfaceOrientationLandscapeRight";
				INFOPLIST_KEY_UISupportedInterfaceOrientations_iPhone = "UIInterfaceOrientationPortrait UIInterfaceOrientationLandscapeLeft UIInterfaceOrientationLandscapeRight";
				LD_RUNPATH_SEARCH_PATHS = (
					"$(inherited)",
					"@executable_path/Frameworks",
				);
				MARKETING_VERSION = 1.0;
				PRODUCT_BUNDLE_IDENTIFIER = com.bhuvi.ComEdPricing;
				PRODUCT_NAME = "$(TARGET_NAME)";
				STRING_CATALOG_GENERATE_SYMBOLS = YES;
				SWIFT_APPROACHABLE_CONCURRENCY = YES;
				SWIFT_DEFAULT_ACTOR_ISOLATION = MainActor;
				SWIFT_EMIT_LOC_STRINGS = YES;
				SWIFT_UPCOMING_FEATURE_MEMBER_IMPORT_VISIBILITY = YES;
				SWIFT_VERSION = 5.0;
				TARGETED_DEVICE_FAMILY = "1,2";
			};
			name = Release;
		};
		8B2606AF2F269409008B275C /* Debug */ = {
			isa = XCBuildConfiguration;
			buildSettings = {
				BUNDLE_LOADER = "$(TEST_HOST)";
				CODE_SIGN_STYLE = Automatic;
				CURRENT_PROJECT_VERSION = 1;
				DEVELOPMENT_TEAM = L3KM58XX9S;
				GENERATE_INFOPLIST_FILE = YES;
				IPHONEOS_DEPLOYMENT_TARGET = 26.2;
				MARKETING_VERSION = 1.0;
				PRODUCT_BUNDLE_IDENTIFIER = com.bhuvi.ComEdPricingTests;
				PRODUCT_NAME = "$(TARGET_NAME)";
				STRING_CATALOG_GENERATE_SYMBOLS = NO;
				SWIFT_APPROACHABLE_CONCURRENCY = YES;
				SWIFT_EMIT_LOC_STRINGS = NO;
				SWIFT_UPCOMING_FEATURE_MEMBER_IMPORT_VISIBILITY = YES;
				SWIFT_VERSION = 5.0;
				TARGETED_DEVICE_FAMILY = "1,2";
				TEST_HOST = "$(BUILT_PRODUCTS_DIR)/ComEdPricing.app/$(BUNDLE_EXECUTABLE_FOLDER_PATH)/ComEdPricing";
			};
			name = Debug;
		};
		8B2606B02F269409008B275C /* Release */ = {
			isa = XCBuildConfiguration;
			buildSettings = {
				BUNDLE_LOADER = "$(TEST_HOST)";
				CODE_SIGN_STYLE = Automatic;
				CURRENT_PROJECT_VERSION = 1;
				DEVELOPMENT_TEAM = L3KM58XX9S;
				GENERATE_INFOPLIST_FILE = YES;
				IPHONEOS_DEPLOYMENT_TARGET = 26.2;
				MARKETING_VERSION = 1.0;
				PRODUCT_BUNDLE_IDENTIFIER = com.bhuvi.ComEdPricingTests;
				PRODUCT_NAME = "$(TARGET_NAME)";
				STRING_CATALOG_GENERATE_SYMBOLS = NO;
				SWIFT_APPROACHABLE_CONCURRENCY = YES;
				SWIFT_EMIT_LOC_STRINGS = NO;
				SWIFT_UPCOMING_FEATURE_MEMBER_IMPORT_VISIBILITY = YES;
				SWIFT_VERSION = 5.0;
				TARGETED_DEVICE_FAMILY = "1,2";
				TEST_HOST = "$(BUILT_PRODUCTS_DIR)/ComEdPricing.app/$(BUNDLE_EXECUTABLE_FOLDER_PATH)/ComEdPricing";
			};
			name = Release;
		};
		8B2606B22F269409008B275C /* Debug */ = {
			isa = XCBuildConfiguration;
			buildSettings = {
				CODE_SIGN_STYLE = Automatic;
				CURRENT_PROJECT_VERSION = 1;
				DEVELOPMENT_TEAM = L3KM58XX9S;
				GENERATE_INFOPLIST_FILE = YES;
				MARKETING_VERSION = 1.0;
				PRODUCT_BUNDLE_IDENTIFIER = com.bhuvi.ComEdPricingUITests;
				PRODUCT_NAME = "$(TARGET_NAME)";
				STRING_CATALOG_GENERATE_SYMBOLS = NO;
				SWIFT_APPROACHABLE_CONCURRENCY = YES;
				SWIFT_EMIT_LOC_STRINGS = NO;
				SWIFT_UPCOMING_FEATURE_MEMBER_IMPORT_VISIBILITY = YES;
				SWIFT_VERSION = 5.0;
				TARGETED_DEVICE_FAMILY = "1,2";
				TEST_TARGET_NAME = ComEdPricing;
			};
			name = Debug;
		};
		8B2606B32F269409008B275C /* Release */ = {
			isa = XCBuildConfiguration;
			buildSettings = {
				CODE_SIGN_STYLE = Automatic;
				CURRENT_PROJECT_VERSION = 1;
				DEVELOPMENT_TEAM = L3KM58XX9S;
				GENERATE_INFOPLIST_FILE = YES;
				MARKETING_VERSION = 1.0;
				PRODUCT_BUNDLE_IDENTIFIER = com.bhuvi.ComEdPricingUITests;
				PRODUCT_NAME = "$(TARGET_NAME)";
				STRING_CATALOG_GENERATE_SYMBOLS = NO;
				SWIFT_APPROACHABLE_CONCURRENCY = YES;
				SWIFT_EMIT_LOC_STRINGS = NO;
				SWIFT_UPCOMING_FEATURE_MEMBER_IMPORT_VISIBILITY = YES;
				SWIFT_VERSION = 5.0;
				TARGETED_DEVICE_FAMILY = "1,2";
				TEST_TARGET_NAME = ComEdPricing;
			};
			name = Release;
		};
		8B8E32812F7089C200FE4013 /* Debug */ = {
			isa = XCBuildConfiguration;
			buildSettings = {
				ASSETCATALOG_COMPILER_GLOBAL_ACCENT_COLOR_NAME = AccentColor;
				ASSETCATALOG_COMPILER_WIDGET_BACKGROUND_COLOR_NAME = WidgetBackground;
				CODE_SIGN_ENTITLEMENTS = ComEdPriceWidgetExtension.entitlements;
				CODE_SIGN_STYLE = Automatic;
				CURRENT_PROJECT_VERSION = 1;
				DEVELOPMENT_TEAM = L3KM58XX9S;
				GENERATE_INFOPLIST_FILE = YES;
				INFOPLIST_FILE = ComEdPriceWidget/Info.plist;
				INFOPLIST_KEY_CFBundleDisplayName = ComEdPriceWidget;
				INFOPLIST_KEY_NSHumanReadableCopyright = "";
				LD_RUNPATH_SEARCH_PATHS = (
					"$(inherited)",
					"@executable_path/Frameworks",
					"@executable_path/../../Frameworks",
				);
				MARKETING_VERSION = 1.0;
				PRODUCT_BUNDLE_IDENTIFIER = com.bhuvi.ComEdPricing.ComEdPriceWidget;
				PRODUCT_NAME = "$(TARGET_NAME)";
				SKIP_INSTALL = YES;
				STRING_CATALOG_GENERATE_SYMBOLS = YES;
				SWIFT_APPROACHABLE_CONCURRENCY = YES;
				SWIFT_EMIT_LOC_STRINGS = YES;
				SWIFT_UPCOMING_FEATURE_MEMBER_IMPORT_VISIBILITY = YES;
				SWIFT_VERSION = 5.0;
				TARGETED_DEVICE_FAMILY = "1,2";
			};
			name = Debug;
		};
		8B8E32822F7089C200FE4013 /* Release */ = {
			isa = XCBuildConfiguration;
			buildSettings = {
				ASSETCATALOG_COMPILER_GLOBAL_ACCENT_COLOR_NAME = AccentColor;
				ASSETCATALOG_COMPILER_WIDGET_BACKGROUND_COLOR_NAME = WidgetBackground;
				CODE_SIGN_ENTITLEMENTS = ComEdPriceWidgetExtension.entitlements;
				CODE_SIGN_STYLE = Automatic;
				CURRENT_PROJECT_VERSION = 1;
				DEVELOPMENT_TEAM = L3KM58XX9S;
				GENERATE_INFOPLIST_FILE = YES;
				INFOPLIST_FILE = ComEdPriceWidget/Info.plist;
				INFOPLIST_KEY_CFBundleDisplayName = ComEdPriceWidget;
				INFOPLIST_KEY_NSHumanReadableCopyright = "";
				LD_RUNPATH_SEARCH_PATHS = (
					"$(inherited)",
					"@executable_path/Frameworks",
					"@executable_path/../../Frameworks",
				);
				MARKETING_VERSION = 1.0;
				PRODUCT_BUNDLE_IDENTIFIER = com.bhuvi.ComEdPricing.ComEdPriceWidget;
				PRODUCT_NAME = "$(TARGET_NAME)";
				SKIP_INSTALL = YES;
				STRING_CATALOG_GENERATE_SYMBOLS = YES;
				SWIFT_APPROACHABLE_CONCURRENCY = YES;
				SWIFT_EMIT_LOC_STRINGS = YES;
				SWIFT_UPCOMING_FEATURE_MEMBER_IMPORT_VISIBILITY = YES;
				SWIFT_VERSION = 5.0;
				TARGETED_DEVICE_FAMILY = "1,2";
			};
			name = Release;
		};
/* End XCBuildConfiguration section */

/* Begin XCConfigurationList section */
		8B2606852F269407008B275C /* Build configuration list for PBXProject "ComEdPricing" */ = {
			isa = XCConfigurationList;
			buildConfigurations = (
				8B2606A92F269409008B275C /* Debug */,
				8B2606AA2F269409008B275C /* Release */,
			);
			defaultConfigurationIsVisible = 0;
			defaultConfigurationName = Release;
		};
		8B2606AB2F269409008B275C /* Build configuration list for PBXNativeTarget "ComEdPricing" */ = {
			isa = XCConfigurationList;
			buildConfigurations = (
				8B2606AC2F269409008B275C /* Debug */,
				8B2606AD2F269409008B275C /* Release */,
			);
			defaultConfigurationIsVisible = 0;
			defaultConfigurationName = Release;
		};
		8B2606AE2F269409008B275C /* Build configuration list for PBXNativeTarget "ComEdPricingTests" */ = {
			isa = XCConfigurationList;
			buildConfigurations = (
				8B2606AF2F269409008B275C /* Debug */,
				8B2606B02F269409008B275C /* Release */,
			);
			defaultConfigurationIsVisible = 0;
			defaultConfigurationName = Release;
		};
		8B2606B12F269409008B275C /* Build configuration list for PBXNativeTarget "ComEdPricingUITests" */ = {
			isa = XCConfigurationList;
			buildConfigurations = (
				8B2606B22F269409008B275C /* Debug */,
				8B2606B32F269409008B275C /* Release */,
			);
			defaultConfigurationIsVisible = 0;
			defaultConfigurationName = Release;
		};
		8B8E32842F7089C200FE4013 /* Build configuration list for PBXNativeTarget "ComEdPriceWidgetExtension" */ = {
			isa = XCConfigurationList;
			buildConfigurations = (
				8B8E32812F7089C200FE4013 /* Debug */,
				8B8E32822F7089C200FE4013 /* Release */,
			);
			defaultConfigurationIsVisible = 0;
			defaultConfigurationName = Release;
		};
/* End XCConfigurationList section */
	};
	rootObject = 8B2606822F269407008B275C /* Project object */;
}
